# THIS IS AN AUTOGENERATED FILE. DO NOT EDIT THIS FILE DIRECTLY.
# yarn lockfile v1


"@types/offscreencanvas@^2019.6.4":
  version "2019.7.0"
  resolved "https://registry.yarnpkg.com/@types/offscreencanvas/-/offscreencanvas-2019.7.0.tgz#e4a932069db47bb3eabeb0b305502d01586fa90d"
  integrity sha512-PGcyveRIpL1XIqK8eBsmRBt76eFgtzuPiSTyKHZxnGemp2yzGzWpjYKAfK3wIMiU7eH+851yEpiuP8JZerTmWg==

qr-scanner@^1.4.2:
  version "1.4.2"
  resolved "https://registry.yarnpkg.com/qr-scanner/-/qr-scanner-1.4.2.tgz#bc4fb88022a8c9be95c49527a1c8fb8724b47dc4"
  integrity sha512-kV1yQUe2FENvn59tMZW6mOVfpq9mGxGf8l6+EGaXUOd4RBOLg7tRC83OrirM5AtDvZRpdjdlXURsHreAOSPOUw==
  dependencies:
    "@types/offscreencanvas" "^2019.6.4"
